// !$*UTF8*$!
{
	archiveVersion = 1;
	classes = {
	};
	objectVersion = 50;
	objects = {

/* Begin PBXBuildFile section */
		B835D18E208346D80092AC60 /* MusicVideo.swift in Sources */ = {isa = PBXBuildFile; fileRef = B835D18D208346D80092AC60 /* MusicVideo.swift */; };
		B835D1902083514D0092AC60 /* MusicTableViewCell.swift in Sources */ = {isa = PBXBuildFile; fileRef = B835D18F2083514D0092AC60 /* MusicTableViewCell.swift */; };
		B8373315208201B000CD5A20 /* Reachability.swift in Sources */ = {isa = PBXBuildFile; fileRef = B8373314208201B000CD5A20 /* Reachability.swift */; };
		B839AE3C2081097D00BA9450 /* AppDelegate.swift in Sources */ = {isa = PBXBuildFile; fileRef = B839AE3B2081097D00BA9450 /* AppDelegate.swift */; };
		B839AE3E2081097D00BA9450 /* ViewController.swift in Sources */ = {isa = PBXBuildFile; fileRef = B839AE3D2081097D00BA9450 /* ViewController.swift */; };
		B839AE412081097D00BA9450 /* Main.storyboard in Resources */ = {isa = PBXBuildFile; fileRef = B839AE3F2081097D00BA9450 /* Main.storyboard */; };
		B839AE432081098200BA9450 /* Assets.xcassets in Resources */ = {isa = PBXBuildFile; fileRef = B839AE422081098200BA9450 /* Assets.xcassets */; };
		B839AE462081098200BA9450 /* LaunchScreen.storyboard in Resources */ = {isa = PBXBuildFile; fileRef = B839AE442081098200BA9450 /* LaunchScreen.storyboard */; };
		B83F428020810A4D00F80DC7 /* APIFunc.swift in Sources */ = {isa = PBXBuildFile; fileRef = B83F427F20810A4D00F80DC7 /* APIFunc.swift */; };
/* End PBXBuildFile section */

/* Begin PBXFileReference section */
		B835D18D208346D80092AC60 /* MusicVideo.swift */ = {isa = PBXFileReference; lastKnownFileType = sourcecode.swift; path = MusicVideo.swift; sourceTree = "<group>"; };
		B835D18F2083514D0092AC60 /* MusicTableViewCell.swift */ = {isa = PBXFileReference; lastKnownFileType = sourcecode.swift; path = MusicTableViewCell.swift; sourceTree = "<group>"; };
		B8373314208201B000CD5A20 /* Reachability.swift */ = {isa = PBXFileReference; lastKnownFileType = sourcecode.swift; path = Reachability.swift; sourceTree = "<group>"; };
		B839AE382081097D00BA9450 /* Top10Music.app */ = {isa = PBXFileReference; explicitFileType = wrapper.application; includeInIndex = 0; path = Top10Music.app; sourceTree = BUILT_PRODUCTS_DIR; };
		B839AE3B2081097D00BA9450 /* AppDelegate.swift */ = {isa = PBXFileReference; lastKnownFileType = sourcecode.swift; path = AppDelegate.swift; sourceTree = "<group>"; };
		B839AE3D2081097D00BA9450 /* ViewController.swift */ = {isa = PBXFileReference; lastKnownFileType = sourcecode.swift; path = ViewController.swift; sourceTree = "<group>"; };
		B839AE402081097D00BA9450 /* Base */ = {isa = PBXFileReference; lastKnownFileType = file.storyboard; name = Base; path = Base.lproj/Main.storyboard; sourceTree = "<group>"; };
		B839AE422081098200BA9450 /* Assets.xcassets */ = {isa = PBXFileReference; lastKnownFileType = folder.assetcatalog; path = Assets.xcassets; sourceTree = "<group>"; };
		B839AE452081098200BA9450 /* Base */ = {isa = PBXFileReference; lastKnownFileType = file.storyboard; name = Base; path = Base.lproj/LaunchScreen.storyboard; sourceTree = "<group>"; };
		B839AE472081098200BA9450 /* Info.plist */ = {isa = PBXFileReference; lastKnownFileType = text.plist.xml; path = Info.plist; sourceTree = "<group>"; };
		B83F427F20810A4D00F80DC7 /* APIFunc.swift */ = {isa = PBXFileReference; lastKnownFileType = sourcecode.swift; path = APIFunc.swift; sourceTree = "<group>"; };
/* End PBXFileReference section */

/* Begin PBXFrameworksBuildPhase section */
		B839AE352081097D00BA9450 /* Frameworks */ = {
			isa = PBXFrameworksBuildPhase;
			buildActionMask = 2147483647;
			files = (
			);
			runOnlyForDeploymentPostprocessing = 0;
		};
/* End PBXFrameworksBuildPhase section */

/* Begin PBXGroup section */
		B839AE2F2081097D00BA9450 = {
			isa = PBXGroup;
			children = (
				B839AE3A2081097D00BA9450 /* Top10Music */,
				B839AE392081097D00BA9450 /* Products */,
			);
			sourceTree = "<group>";
		};
		B839AE392081097D00BA9450 /* Products */ = {
			isa = PBXGroup;
			children = (
				B839AE382081097D00BA9450 /* Top10Music.app */,
			);
			name = Products;
			sourceTree = "<group>";
		};
		B839AE3A2081097D00BA9450 /* Top10Music */ = {
			isa = PBXGroup;
			children = (
				B839AE3B2081097D00BA9450 /* AppDelegate.swift */,
				B839AE3D2081097D00BA9450 /* ViewController.swift */,
				B839AE3F2081097D00BA9450 /* Main.storyboard */,
				B839AE422081098200BA9450 /* Assets.xcassets */,
				B839AE442081098200BA9450 /* LaunchScreen.storyboard */,
				B839AE472081098200BA9450 /* Info.plist */,
				B83F427F20810A4D00F80DC7 /* APIFunc.swift */,
				B8373314208201B000CD5A20 /* Reachability.swift */,
				B835D18D208346D80092AC60 /* MusicVideo.swift */,
				B835D18F2083514D0092AC60 /* MusicTableViewCell.swift */,
			);
			path = Top10Music;
			sourceTree = "<group>";
		};
/* End PBXGroup section */

/* Begin PBXNativeTarget section */
		B839AE372081097D00BA9450 /* Top10Music */ = {
			isa = PBXNativeTarget;
			buildConfigurationList = B839AE4A2081098200BA9450 /* Build configuration list for PBXNativeTarget "Top10Music" */;
			buildPhases = (
				B839AE342081097D00BA9450 /* Sources */,
				B839AE352081097D00BA9450 /* Frameworks */,
				B839AE362081097D00BA9450 /* Resources */,
			);
			buildRules = (
			);
			dependencies = (
			);
			name = Top10Music;
			productName = Top10Music;
			productReference = B839AE382081097D00BA9450 /* Top10Music.app */;
			productType = "com.apple.product-type.application";
		};
/* End PBXNativeTarget section */

/* Begin PBXProject section */
		B839AE302081097D00BA9450 /* Project object */ = {
			isa = PBXProject;
			attributes = {
				LastSwiftUpdateCheck = 0930;
				LastUpgradeCheck = 0930;
				ORGANIZATIONNAME = "punyawee ";
				TargetAttributes = {
					B839AE372081097D00BA9450 = {
						CreatedOnToolsVersion = 9.3;
					};
				};
			};
			buildConfigurationList = B839AE332081097D00BA9450 /* Build configuration list for PBXProject "Top10Music" */;
			compatibilityVersion = "Xcode 9.3";
			developmentRegion = en;
			hasScannedForEncodings = 0;
			knownRegions = (
				en,
				Base,
			);
			mainGroup = B839AE2F2081097D00BA9450;
			productRefGroup = B839AE392081097D00BA9450 /* Products */;
			projectDirPath = "";
			projectRoot = "";
			targets = (
				B839AE372081097D00BA9450 /* Top10Music */,
			);
		};
/* End PBXProject section */

/* Begin PBXResourcesBuildPhase section */
		B839AE362081097D00BA9450 /* Resources */ = {
			isa = PBXResourcesBuildPhase;
			buildActionMask = 2147483647;
			files = (
				B839AE462081098200BA9450 /* LaunchScreen.storyboard in Resources */,
				B839AE432081098200BA9450 /* Assets.xcassets in Resources */,
				B839AE412081097D00BA9450 /* Main.storyboard in Resources */,
			);
			runOnlyForDeploymentPostprocessing = 0;
		};
/* End PBXResourcesBuildPhase section */

/* Begin PBXSourcesBuildPhase section */
		B839AE342081097D00BA9450 /* Sources */ = {
			isa = PBXSourcesBuildPhase;
			buildActionMask = 2147483647;
			files = (
				B83F428020810A4D00F80DC7 /* APIFunc.swift in Sources */,
				B839AE3E2081097D00BA9450 /* ViewController.swift in Sources */,
				B835D18E208346D80092AC60 /* MusicVideo.swift in Sources */,
				B8373315208201B000CD5A20 /* Reachability.swift in Sources */,
				B839AE3C2081097D00BA9450 /* AppDelegate.swift in Sources */,
				B835D1902083514D0092AC60 /* MusicTableViewCell.swift in Sources */,
			);
			runOnlyForDeploymentPostprocessing = 0;
		};
/* End PBXSourcesBuildPhase section */

/* Begin PBXVariantGroup section */
		B839AE3F2081097D00BA9450 /* Main.storyboard */ = {
			isa = PBXVariantGroup;
			children = (
				B839AE402081097D00BA9450 /* Base */,
			);
			name = Main.storyboard;
			sourceTree = "<group>";
		};
		B839AE442081098200BA9450 /* LaunchScreen.storyboard */ = {
			isa = PBXVariantGroup;
			children = (
				B839AE452081098200BA9450 /* Base */,
			);
			name = LaunchScreen.storyboard;
			sourceTree = "<group>";
		};
/* End PBXVariantGroup section */

/* Begin XCBuildConfiguration section */
		B839AE482081098200BA9450 /* Debug */ = {
			isa = XCBuildConfiguration;
			buildSettings = {
				ALWAYS_SEARCH_USER_PATHS = NO;
				CLANG_ANALYZER_NONNULL = YES;
				CLANG_ANALYZER_NUMBER_OBJECT_CONVERSION = YES_AGGRESSIVE;
				CLANG_CXX_LANGUAGE_STANDARD = "gnu++14";
				CLANG_CXX_LIBRARY = "libc++";
				CLANG_ENABLE_MODULES = YES;
				CLANG_ENABLE_OBJC_ARC = YES;
				CLANG_ENABLE_OBJC_WEAK = YES;
				CLANG_WARN_BLOCK_CAPTURE_AUTORELEASING = YES;
				CLANG_WARN_BOOL_CONVERSION = YES;
				CLANG_WARN_COMMA = YES;
				CLANG_WARN_CONSTANT_CONVERSION = YES;
				CLANG_WARN_DEPRECATED_OBJC_IMPLEMENTATIONS = YES;
				CLANG_WARN_DIRECT_OBJC_ISA_USAGE = YES_ERROR;
				CLANG_WARN_DOCUMENTATION_COMMENTS = YES;
				CLANG_WARN_EMPTY_BODY = YES;
				CLANG_WARN_ENUM_CONVERSION = YES;
				CLANG_WARN_INFINITE_RECURSION = YES;
				CLANG_WARN_INT_CONVERSION = YES;
				CLANG_WARN_NON_LITERAL_NULL_CONVERSION = YES;
				CLANG_WARN_OBJC_IMPLICIT_RETAIN_SELF = YES;
				CLANG_WARN_OBJC_LITERAL_CONVERSION = YES;
				CLANG_WARN_OBJC_ROOT_CLASS = YES_ERROR;
				CLANG_WARN_RANGE_LOOP_ANALYSIS = YES;
				CLANG_WARN_STRICT_PROTOTYPES = YES;
				CLANG_WARN_SUSPICIOUS_MOVE = YES;
				CLANG_WARN_UNGUARDED_AVAILABILITY = YES_AGGRESSIVE;
				CLANG_WARN_UNREACHABLE_CODE = YES;
				CLANG_WARN__DUPLICATE_METHOD_MATCH = YES;
				CODE_SIGN_IDENTITY = "iPhone Developer";
				COPY_PHASE_STRIP = NO;
				DEBUG_INFORMATION_FORMAT = dwarf;
				ENABLE_STRICT_OBJC_MSGSEND = YES;
				ENABLE_TESTABILITY = YES;
				GCC_C_LANGUAGE_STANDARD = gnu11;
				GCC_DYNAMIC_NO_PIC = NO;
				GCC_NO_COMMON_BLOCKS = YES;
				GCC_OPTIMIZATION_LEVEL = 0;
				GCC_PREPROCESSOR_DEFINITIONS = (
					"DEBUG=1",
					"$(inherited)",
				);
				GCC_WARN_64_TO_32_BIT_CONVERSION = YES;
				GCC_WARN_ABOUT_RETURN_TYPE = YES_ERROR;
				GCC_WARN_UNDECLARED_SELECTOR = YES;
				GCC_WARN_UNINITIALIZED_AUTOS = YES_AGGRESSIVE;
				GCC_WARN_UNUSED_FUNCTION = YES;
				GCC_WARN_UNUSED_VARIABLE = YES;
				IPHONEOS_DEPLOYMENT_TARGET = 11.3;
				MTL_ENABLE_DEBUG_INFO = YES;
				ONLY_ACTIVE_ARCH = YES;
				SDKROOT = iphoneos;
				SWIFT_ACTIVE_COMPILATION_CONDITIONS = DEBUG;
				SWIFT_OPTIMIZATION_LEVEL = "-Onone";
			};
			name = Debug;
		};
		B839AE492081098200BA9450 /* Release */ = {
			isa = XCBuildConfiguration;
			buildSettings = {
				ALWAYS_SEARCH_USER_PATHS = NO;
				CLANG_ANALYZER_NONNULL = YES;
				CLANG_ANALYZER_NUMBER_OBJECT_CONVERSION = YES_AGGRESSIVE;
				CLANG_CXX_LANGUAGE_STANDARD = "gnu++14";
				CLANG_CXX_LIBRARY = "libc++";
				CLANG_ENABLE_MODULES = YES;
				CLANG_ENABLE_OBJC_ARC = YES;
				CLANG_ENABLE_OBJC_WEAK = YES;
				CLANG_WARN_BLOCK_CAPTURE_AUTORELEASING = YES;
				CLANG_WARN_BOOL_CONVERSION = YES;
				CLANG_WARN_COMMA = YES;
				CLANG_WARN_CONSTANT_CONVERSION = YES;
				CLANG_WARN_DEPRECATED_OBJC_IMPLEMENTATIONS = YES;
				CLANG_WARN_DIRECT_OBJC_ISA_USAGE = YES_ERROR;
				CLANG_WARN_DOCUMENTATION_COMMENTS = YES;
				CLANG_WARN_EMPTY_BODY = YES;
				CLANG_WARN_ENUM_CONVERSION = YES;
				CLANG_WARN_INFINITE_RECURSION = YES;
				CLANG_WARN_INT_CONVERSION = YES;
				CLANG_WARN_NON_LITERAL_NULL_CONVERSION = YES;
				CLANG_WARN_OBJC_IMPLICIT_RETAIN_SELF = YES;
				CLANG_WARN_OBJC_LITERAL_CONVERSION = YES;
				CLANG_WARN_OBJC_ROOT_CLASS = YES_ERROR;
				CLANG_WARN_RANGE_LOOP_ANALYSIS = YES;
				CLANG_WARN_STRICT_PROTOTYPES = YES;
				CLANG_WARN_SUSPICIOUS_MOVE = YES;
				CLANG_WARN_UNGUARDED_AVAILABILITY = YES_AGGRESSIVE;
				CLANG_WARN_UNREACHABLE_CODE = YES;
				CLANG_WARN__DUPLICATE_METHOD_MATCH = YES;
				CODE_SIGN_IDENTITY = "iPhone Developer";
				COPY_PHASE_STRIP = NO;
				DEBUG_INFORMATION_FORMAT = "dwarf-with-dsym";
				ENABLE_NS_ASSERTIONS = NO;
				ENABLE_STRICT_OBJC_MSGSEND = YES;
				GCC_C_LANGUAGE_STANDARD = gnu11;
				GCC_NO_COMMON_BLOCKS = YES;
				GCC_WARN_64_TO_32_BIT_CONVERSION = YES;
				GCC_WARN_ABOUT_RETURN_TYPE = YES_ERROR;
				GCC_WARN_UNDECLARED_SELECTOR = YES;
				GCC_WARN_UNINITIALIZED_AUTOS = YES_AGGRESSIVE;
				GCC_WARN_UNUSED_FUNCTION = YES;
				GCC_WARN_UNUSED_VARIABLE = YES;
				IPHONEOS_DEPLOYMENT_TARGET = 11.3;
				MTL_ENABLE_DEBUG_INFO = NO;
				SDKROOT = iphoneos;
				SWIFT_COMPILATION_MODE = wholemodule;
				SWIFT_OPTIMIZATION_LEVEL = "-O";
				VALIDATE_PRODUCT = YES;
			};
			name = Release;
		};
		B839AE4B2081098200BA9450 /* Debug */ = {
			isa = XCBuildConfiguration;
			buildSettings = {
				ASSETCATALOG_COMPILER_APPICON_NAME = AppIcon;
				CODE_SIGN_STYLE = Automatic;
				INFOPLIST_FILE = Top10Music/Info.plist;
				LD_RUNPATH_SEARCH_PATHS = (
					"$(inherited)",
					"@executable_path/Frameworks",
				);
				PRODUCT_BUNDLE_IDENTIFIER = max.Top10Music;
				PRODUCT_NAME = "$(TARGET_NAME)";
				SWIFT_VERSION = 4.0;
				TARGETED_DEVICE_FAMILY = "1,2";
			};
			name = Debug;
		};
		B839AE4C2081098200BA9450 /* Release */ = {
			isa = XCBuildConfiguration;
			buildSettings = {
				ASSETCATALOG_COMPILER_APPICON_NAME = AppIcon;
				CODE_SIGN_STYLE = Automatic;
				INFOPLIST_FILE = Top10Music/Info.plist;
				LD_RUNPATH_SEARCH_PATHS = (
					"$(inherited)",
					"@executable_path/Frameworks",
				);
				PRODUCT_BUNDLE_IDENTIFIER = max.Top10Music;
				PRODUCT_NAME = "$(TARGET_NAME)";
				SWIFT_VERSION = 4.0;
				TARGETED_DEVICE_FAMILY = "1,2";
			};
			name = Release;
		};
/* End XCBuildConfiguration section */

/* Begin XCConfigurationList section */
		B839AE332081097D00BA9450 /* Build configuration list for PBXProject "Top10Music" */ = {
			isa = XCConfigurationList;
			buildConfigurations = (
				B839AE482081098200BA9450 /* Debug */,
				B839AE492081098200BA9450 /* Release */,
			);
			defaultConfigurationIsVisible = 0;
			defaultConfigurationName = Release;
		};
		B839AE4A2081098200BA9450 /* Build configuration list for PBXNativeTarget "Top10Music" */ = {
			isa = XCConfigurationList;
			buildConfigurations = (
				B839AE4B2081098200BA9450 /* Debug */,
				B839AE4C2081098200BA9450 /* Release */,
			);
			defaultConfigurationIsVisible = 0;
			defaultConfigurationName = Release;
		};
/* End XCConfigurationList section */
	};
	rootObject = B839AE302081097D00BA9450 /* Project object */;
}
